
Microsoft Visual Studio Solution File, Format Version 12.00
# Visual Studio Version 16
VisualStudioVersion = 16.0.30907.101
MinimumVisualStudioVersion = 10.0.40219.1
Project("{9A19103F-16F7-4668-BE54-9A1E7A4F7556}") = "ex2", "ex2\ex2.csproj", "{B475ECAF-5205-4E43-9051-6D2DFA87516C}"
EndProject
Project("{9A19103F-16F7-4668-BE54-9A1E7A4F7556}") = "ex3", "ex3\ex3.csproj", "{8CCAB094-B4F6-4C82-A7CA-71D513C3C491}"
EndProject
Project("{9A19103F-16F7-4668-BE54-9A1E7A4F7556}") = "ex4", "ex4\ex4.csproj", "{0A0F7CB2-CA11-4051-B28F-FB8D6DEBCF4C}"
EndProject
Project("{9A19103F-16F7-4668-BE54-9A1E7A4F7556}") = "ex5", "ex5\ex5.csproj", "{C8480825-0DB5-4EA7-BC5A-53ABC3571965}"
EndProject
Project("{9A19103F-16F7-4668-BE54-9A1E7A4F7556}") = "ex6", "ex6\ex6.csproj", "{B2196824-2BD4-459E-86C9-DB34F7AC09A9}"
EndProject
Project("{9A19103F-16F7-4668-BE54-9A1E7A4F7556}") = "ex7", "ex7\ex7.csproj", "{699125F6-4342-49CE-8648-B1A04FDC4953}"
EndProject
Project("{9A19103F-16F7-4668-BE54-9A1E7A4F7556}") = "ex8", "ex8\ex8.csproj", "{BD50C902-2621-419B-B6C7-DAF2E1A30455}"
EndProject
Project("{9A19103F-16F7-4668-BE54-9A1E7A4F7556}") = "ex9", "ex9\ex9.csproj", "{8E0C11DD-F61F-48E8-AF9D-08BD0A8D8E49}"
EndProject
Project("{9A19103F-16F7-4668-BE54-9A1E7A4F7556}") = "exe10", "ex10\exe10.csproj", "{6068BFE6-E013-4743-BEE8-30E21331E54D}"
EndProject
Project("{9A19103F-16F7-4668-BE54-9A1E7A4F7556}") = "exe11", "exe11\exe11.csproj", "{7BC55CC8-428E-4A14-A7EA-25261CBD18E4}"
EndProject
Project("{9A19103F-16F7-4668-BE54-9A1E7A4F7556}") = "exe12", "exe12\exe12.csproj", "{AFC64162-BE6D-430F-B29C-CEC53EB2A8E1}"
EndProject
Project("{9A19103F-16F7-4668-BE54-9A1E7A4F7556}") = "exe13", "exe13\exe13.csproj", "{B29F7AFB-4698-46E2-9459-1438E049469B}"
EndProject
Project("{9A19103F-16F7-4668-BE54-9A1E7A4F7556}") = "exe14", "exe14\exe14.csproj", "{BA45AEF6-EA88-4DE1-B976-D0CDC42D96DD}"
EndProject
Project("{9A19103F-16F7-4668-BE54-9A1E7A4F7556}") = "exe15", "exe15\exe15.csproj", "{38D1FA33-BF84-43B8-8546-A16AD5FAA443}"
EndProject
Project("{FAE04EC0-301F-11D3-BF4B-00C04F79EFBC}") = "Teste", "Teste\Teste.csproj", "{FAF5033F-FB5D-4BD2-9E47-8CE2747355F1}"
EndProject
Global
	GlobalSection(SolutionConfigurationPlatforms) = preSolution
		Debug|Any CPU = Debug|Any CPU
		Release|Any CPU = Release|Any CPU
	EndGlobalSection
	GlobalSection(ProjectConfigurationPlatforms) = postSolution
		{B475ECAF-5205-4E43-9051-6D2DFA87516C}.Debug|Any CPU.ActiveCfg = Debug|Any CPU
		{B475ECAF-5205-4E43-9051-6D2DFA87516C}.Debug|Any CPU.Build.0 = Debug|Any CPU
		{B475ECAF-5205-4E43-9051-6D2DFA87516C}.Release|Any CPU.ActiveCfg = Release|Any CPU
		{B475ECAF-5205-4E43-9051-6D2DFA87516C}.Release|Any CPU.Build.0 = Release|Any CPU
		{8CCAB094-B4F6-4C82-A7CA-71D513C3C491}.Debug|Any CPU.ActiveCfg = Debug|Any CPU
		{8CCAB094-B4F6-4C82-A7CA-71D513C3C491}.Debug|Any CPU.Build.0 = Debug|Any CPU
		{8CCAB094-B4F6-4C82-A7CA-71D513C3C491}.Release|Any CPU.ActiveCfg = Release|Any CPU
		{8CCAB094-B4F6-4C82-A7CA-71D513C3C491}.Release|Any CPU.Build.0 = Release|Any CPU
		{0A0F7CB2-CA11-4051-B28F-FB8D6DEBCF4C}.Debug|Any CPU.ActiveCfg = Debug|Any CPU
		{0A0F7CB2-CA11-4051-B28F-FB8D6DEBCF4C}.Debug|Any CPU.Build.0 = Debug|Any CPU
		{0A0F7CB2-CA11-4051-B28F-FB8D6DEBCF4C}.Release|Any CPU.ActiveCfg = Release|Any CPU
		{0A0F7CB2-CA11-4051-B28F-FB8D6DEBCF4C}.Release|Any CPU.Build.0 = Release|Any CPU
		{C8480825-0DB5-4EA7-BC5A-53ABC3571965}.Debug|Any CPU.ActiveCfg = Debug|Any CPU
		{C8480825-0DB5-4EA7-BC5A-53ABC3571965}.Debug|Any CPU.Build.0 = Debug|Any CPU
		{C8480825-0DB5-4EA7-BC5A-53ABC3571965}.Release|Any CPU.ActiveCfg = Release|Any CPU
		{C8480825-0DB5-4EA7-BC5A-53ABC3571965}.Release|Any CPU.Build.0 = Release|Any CPU
		{B2196824-2BD4-459E-86C9-DB34F7AC09A9}.Debug|Any CPU.ActiveCfg = Debug|Any CPU
		{B2196824-2BD4-459E-86C9-DB34F7AC09A9}.Debug|Any CPU.Build.0 = Debug|Any CPU
		{B2196824-2BD4-459E-86C9-DB34F7AC09A9}.Release|Any CPU.ActiveCfg = Release|Any CPU
		{B2196824-2BD4-459E-86C9-DB34F7AC09A9}.Release|Any CPU.Build.0 = Release|Any CPU
		{699125F6-4342-49CE-8648-B1A04FDC4953}.Debug|Any CPU.ActiveCfg = Debug|Any CPU
		{699125F6-4342-49CE-8648-B1A04FDC4953}.Debug|Any CPU.Build.0 = Debug|Any CPU
		{699125F6-4342-49CE-8648-B1A04FDC4953}.Release|Any CPU.ActiveCfg = Release|Any CPU
		{699125F6-4342-49CE-8648-B1A04FDC4953}.Release|Any CPU.Build.0 = Release|Any CPU
		{BD50C902-2621-419B-B6C7-DAF2E1A30455}.Debug|Any CPU.ActiveCfg = Debug|Any CPU
		{BD50C902-2621-419B-B6C7-DAF2E1A30455}.Debug|Any CPU.Build.0 = Debug|Any CPU
		{BD50C902-2621-419B-B6C7-DAF2E1A30455}.Release|Any CPU.ActiveCfg = Release|Any CPU
		{BD50C902-2621-419B-B6C7-DAF2E1A30455}.Release|Any CPU.Build.0 = Release|Any CPU
		{8E0C11DD-F61F-48E8-AF9D-08BD0A8D8E49}.Debug|Any CPU.ActiveCfg = Debug|Any CPU
		{8E0C11DD-F61F-48E8-AF9D-08BD0A8D8E49}.Debug|Any CPU.Build.0 = Debug|Any CPU
		{8E0C11DD-F61F-48E8-AF9D-08BD0A8D8E49}.Release|Any CPU.ActiveCfg = Release|Any CPU
		{8E0C11DD-F61F-48E8-AF9D-08BD0A8D8E49}.Release|Any CPU.Build.0 = Release|Any CPU
		{6068BFE6-E013-4743-BEE8-30E21331E54D}.Debug|Any CPU.ActiveCfg = Debug|Any CPU
		{6068BFE6-E013-4743-BEE8-30E21331E54D}.Debug|Any CPU.Build.0 = Debug|Any CPU
		{6068BFE6-E013-4743-BEE8-30E21331E54D}.Release|Any CPU.ActiveCfg = Release|Any CPU
		{6068BFE6-E013-4743-BEE8-30E21331E54D}.Release|Any CPU.Build.0 = Release|Any CPU
		{7BC55CC8-428E-4A14-A7EA-25261CBD18E4}.Debug|Any CPU.ActiveCfg = Debug|Any CPU
		{7BC55CC8-428E-4A14-A7EA-25261CBD18E4}.Debug|Any CPU.Build.0 = Debug|Any CPU
		{7BC55CC8-428E-4A14-A7EA-25261CBD18E4}.Release|Any CPU.ActiveCfg = Release|Any CPU
		{7BC55CC8-428E-4A14-A7EA-25261CBD18E4}.Release|Any CPU.Build.0 = Release|Any CPU
		{AFC64162-BE6D-430F-B29C-CEC53EB2A8E1}.Debug|Any CPU.ActiveCfg = Debug|Any CPU
		{AFC64162-BE6D-430F-B29C-CEC53EB2A8E1}.Debug|Any CPU.Build.0 = Debug|Any CPU
		{AFC64162-BE6D-430F-B29C-CEC53EB2A8E1}.Release|Any CPU.ActiveCfg = Release|Any CPU
		{AFC64162-BE6D-430F-B29C-CEC53EB2A8E1}.Release|Any CPU.Build.0 = Release|Any CPU
		{B29F7AFB-4698-46E2-9459-1438E049469B}.Debug|Any CPU.ActiveCfg = Debug|Any CPU
		{B29F7AFB-4698-46E2-9459-1438E049469B}.Debug|Any CPU.Build.0 = Debug|Any CPU
		{B29F7AFB-4698-46E2-9459-1438E049469B}.Release|Any CPU.ActiveCfg = Release|Any CPU
		{B29F7AFB-4698-46E2-9459-1438E049469B}.Release|Any CPU.Build.0 = Release|Any CPU
		{BA45AEF6-EA88-4DE1-B976-D0CDC42D96DD}.Debug|Any CPU.ActiveCfg = Debug|Any CPU
		{BA45AEF6-EA88-4DE1-B976-D0CDC42D96DD}.Debug|Any CPU.Build.0 = Debug|Any CPU
		{BA45AEF6-EA88-4DE1-B976-D0CDC42D96DD}.Release|Any CPU.ActiveCfg = Release|Any CPU
		{BA45AEF6-EA88-4DE1-B976-D0CDC42D96DD}.Release|Any CPU.Build.0 = Release|Any CPU
		{38D1FA33-BF84-43B8-8546-A16AD5FAA443}.Debug|Any CPU.ActiveCfg = Debug|Any CPU
		{38D1FA33-BF84-43B8-8546-A16AD5FAA443}.Debug|Any CPU.Build.0 = Debug|Any CPU
		{38D1FA33-BF84-43B8-8546-A16AD5FAA443}.Release|Any CPU.ActiveCfg = Release|Any CPU
		{38D1FA33-BF84-43B8-8546-A16AD5FAA443}.Release|Any CPU.Build.0 = Release|Any CPU
		{FAF5033F-FB5D-4BD2-9E47-8CE2747355F1}.Debug|Any CPU.ActiveCfg = Debug|Any CPU
		{FAF5033F-FB5D-4BD2-9E47-8CE2747355F1}.Debug|Any CPU.Build.0 = Debug|Any CPU
		{FAF5033F-FB5D-4BD2-9E47-8CE2747355F1}.Release|Any CPU.ActiveCfg = Release|Any CPU
		{FAF5033F-FB5D-4BD2-9E47-8CE2747355F1}.Release|Any CPU.Build.0 = Release|Any CPU
	EndGlobalSection
	GlobalSection(SolutionProperties) = preSolution
		HideSolutionNode = FALSE
	EndGlobalSection
	GlobalSection(ExtensibilityGlobals) = postSolution
		SolutionGuid = {BD4F0C5B-CA9C-49AB-86C6-FEBB00852C43}
	EndGlobalSection
EndGlobal
